// !$*UTF8*$!
{
	archiveVersion = 1;
	classes = {
	};
	objectVersion = 46;
	objects = {

/* Begin PBXBuildFile section */
		3753B74C17055D7A002246F4 /* Foundation.framework in Frameworks */ = {isa = PBXBuildFile; fileRef = 3753B74B17055D7A002246F4 /* Foundation.framework */; };
		3753B75B17055D7A002246F4 /* SenTestingKit.framework in Frameworks */ = {isa = PBXBuildFile; fileRef = 3753B75A17055D7A002246F4 /* SenTestingKit.framework */; };
		3753B75E17055D7A002246F4 /* Foundation.framework in Frameworks */ = {isa = PBXBuildFile; fileRef = 3753B74B17055D7A002246F4 /* Foundation.framework */; };
		3753B76117055D7A002246F4 /* libSimpleKeychain.a in Frameworks */ = {isa = PBXBuildFile; fileRef = 3753B74817055D7A002246F4 /* libSimpleKeychain.a */; };
		37DFD0B8170892620020EF4F /* Security.framework in Frameworks */ = {isa = PBXBuildFile; fileRef = 37DFD0B7170892620020EF4F /* Security.framework */; };
		37DFD0B9170892CC0020EF4F /* Security.framework in Frameworks */ = {isa = PBXBuildFile; fileRef = 37DFD0B7170892620020EF4F /* Security.framework */; };
		37DFD0BF17094EA60020EF4F /* SimpleKeychain.m in Sources */ = {isa = PBXBuildFile; fileRef = 37DFD0BE17094EA60020EF4F /* SimpleKeychain.m */; };
		37DFD0C317094EB50020EF4F /* SimpleKeychainTests.m in Sources */ = {isa = PBXBuildFile; fileRef = 37DFD0C117094EB50020EF4F /* SimpleKeychainTests.m */; };
/* End PBXBuildFile section */

/* Begin PBXContainerItemProxy section */
		3753B75F17055D7A002246F4 /* PBXContainerItemProxy */ = {
			isa = PBXContainerItemProxy;
			containerPortal = 3753B74017055D7A002246F4 /* Project object */;
			proxyType = 1;
			remoteGlobalIDString = 3753B74717055D7A002246F4;
			remoteInfo = SimpleKeychain;
		};
/* End PBXContainerItemProxy section */

/* Begin PBXCopyFilesBuildPhase section */
		3753B74617055D7A002246F4 /* CopyFiles */ = {
			isa = PBXCopyFilesBuildPhase;
			buildActionMask = 2147483647;
			dstPath = "include/${PRODUCT_NAME}";
			dstSubfolderSpec = 16;
			files = (
			);
			runOnlyForDeploymentPostprocessing = 0;
		};
/* End PBXCopyFilesBuildPhase section */

/* Begin PBXFileReference section */
		37180E51170A2D72000A9DBA /* LICENSE */ = {isa = PBXFileReference; lastKnownFileType = text; path = LICENSE; sourceTree = SOURCE_ROOT; };
		3753B74817055D7A002246F4 /* libSimpleKeychain.a */ = {isa = PBXFileReference; explicitFileType = archive.ar; includeInIndex = 0; path = libSimpleKeychain.a; sourceTree = BUILT_PRODUCTS_DIR; };
		3753B74B17055D7A002246F4 /* Foundation.framework */ = {isa = PBXFileReference; lastKnownFileType = wrapper.framework; name = Foundation.framework; path = System/Library/Frameworks/Foundation.framework; sourceTree = SDKROOT; };
		3753B75917055D7A002246F4 /* UnitTests.octest */ = {isa = PBXFileReference; explicitFileType = wrapper.cfbundle; includeInIndex = 0; path = UnitTests.octest; sourceTree = BUILT_PRODUCTS_DIR; };
		3753B75A17055D7A002246F4 /* SenTestingKit.framework */ = {isa = PBXFileReference; lastKnownFileType = wrapper.framework; name = SenTestingKit.framework; path = Library/Frameworks/SenTestingKit.framework; sourceTree = DEVELOPER_DIR; };
		37DFD0B7170892620020EF4F /* Security.framework */ = {isa = PBXFileReference; lastKnownFileType = wrapper.framework; name = Security.framework; path = System/Library/Frameworks/Security.framework; sourceTree = SDKROOT; };
		37DFD0BB17094B690020EF4F /* README.md */ = {isa = PBXFileReference; fileEncoding = 4; lastKnownFileType = text; path = README.md; sourceTree = SOURCE_ROOT; };
		37DFD0BD17094EA60020EF4F /* SimpleKeychain.h */ = {isa = PBXFileReference; fileEncoding = 4; lastKnownFileType = sourcecode.c.h; path = SimpleKeychain.h; sourceTree = SOURCE_ROOT; };
		37DFD0BE17094EA60020EF4F /* SimpleKeychain.m */ = {isa = PBXFileReference; fileEncoding = 4; lastKnownFileType = sourcecode.c.objc; path = SimpleKeychain.m; sourceTree = SOURCE_ROOT; };
		37DFD0C017094EB50020EF4F /* UnitTests-Info.plist */ = {isa = PBXFileReference; fileEncoding = 4; lastKnownFileType = text.plist.xml; path = "UnitTests-Info.plist"; sourceTree = SOURCE_ROOT; };
		37DFD0C117094EB50020EF4F /* SimpleKeychainTests.m */ = {isa = PBXFileReference; fileEncoding = 4; lastKnownFileType = sourcecode.c.objc; path = SimpleKeychainTests.m; sourceTree = SOURCE_ROOT; };
/* End PBXFileReference section */

/* Begin PBXFrameworksBuildPhase section */
		3753B74517055D7A002246F4 /* Frameworks */ = {
			isa = PBXFrameworksBuildPhase;
			buildActionMask = 2147483647;
			files = (
				3753B74C17055D7A002246F4 /* Foundation.framework in Frameworks */,
				37DFD0B8170892620020EF4F /* Security.framework in Frameworks */,
			);
			runOnlyForDeploymentPostprocessing = 0;
		};
		3753B75517055D7A002246F4 /* Frameworks */ = {
			isa = PBXFrameworksBuildPhase;
			buildActionMask = 2147483647;
			files = (
				3753B75B17055D7A002246F4 /* SenTestingKit.framework in Frameworks */,
				3753B75E17055D7A002246F4 /* Foundation.framework in Frameworks */,
				37DFD0B9170892CC0020EF4F /* Security.framework in Frameworks */,
				3753B76117055D7A002246F4 /* libSimpleKeychain.a in Frameworks */,
			);
			runOnlyForDeploymentPostprocessing = 0;
		};
/* End PBXFrameworksBuildPhase section */

/* Begin PBXGroup section */
		3753B73F17055D7A002246F4 = {
			isa = PBXGroup;
			children = (
				3753B74D17055D7A002246F4 /* Source */,
				37DFD0BA17094B550020EF4F /* Documentation */,
				3753B74A17055D7A002246F4 /* Frameworks */,
				3753B74917055D7A002246F4 /* Products */,
			);
			sourceTree = "<group>";
		};
		3753B74917055D7A002246F4 /* Products */ = {
			isa = PBXGroup;
			children = (
				3753B74817055D7A002246F4 /* libSimpleKeychain.a */,
				3753B75917055D7A002246F4 /* UnitTests.octest */,
			);
			name = Products;
			sourceTree = "<group>";
		};
		3753B74A17055D7A002246F4 /* Frameworks */ = {
			isa = PBXGroup;
			children = (
				3753B74B17055D7A002246F4 /* Foundation.framework */,
				37DFD0B7170892620020EF4F /* Security.framework */,
				3753B75A17055D7A002246F4 /* SenTestingKit.framework */,
			);
			name = Frameworks;
			sourceTree = "<group>";
		};
		3753B74D17055D7A002246F4 /* Source */ = {
			isa = PBXGroup;
			children = (
				37DFD0BD17094EA60020EF4F /* SimpleKeychain.h */,
				37DFD0BE17094EA60020EF4F /* SimpleKeychain.m */,
				37DFD0C117094EB50020EF4F /* SimpleKeychainTests.m */,
				37DFD0C017094EB50020EF4F /* UnitTests-Info.plist */,
			);
			name = Source;
			path = SimpleKeychain;
			sourceTree = "<group>";
		};
		37DFD0BA17094B550020EF4F /* Documentation */ = {
			isa = PBXGroup;
			children = (
				37180E51170A2D72000A9DBA /* LICENSE */,
				37DFD0BB17094B690020EF4F /* README.md */,
			);
			name = Documentation;
			path = SimpleKeychainTests;
			sourceTree = "<group>";
		};
/* End PBXGroup section */

/* Begin PBXNativeTarget section */
		3753B74717055D7A002246F4 /* SimpleKeychain */ = {
			isa = PBXNativeTarget;
			buildConfigurationList = 3753B76D17055D7A002246F4 /* Build configuration list for PBXNativeTarget "SimpleKeychain" */;
			buildPhases = (
				3753B74417055D7A002246F4 /* Sources */,
				3753B74517055D7A002246F4 /* Frameworks */,
				3753B74617055D7A002246F4 /* CopyFiles */,
			);
			buildRules = (
			);
			dependencies = (
			);
			name = SimpleKeychain;
			productName = SimpleKeychain;
			productReference = 3753B74817055D7A002246F4 /* libSimpleKeychain.a */;
			productType = "com.apple.product-type.library.static";
		};
		3753B75817055D7A002246F4 /* UnitTests */ = {
			isa = PBXNativeTarget;
			buildConfigurationList = 3753B77017055D7A002246F4 /* Build configuration list for PBXNativeTarget "UnitTests" */;
			buildPhases = (
				3753B75417055D7A002246F4 /* Sources */,
				3753B75517055D7A002246F4 /* Frameworks */,
				3753B75617055D7A002246F4 /* Resources */,
				3753B75717055D7A002246F4 /* ShellScript */,
			);
			buildRules = (
			);
			dependencies = (
				3753B76017055D7A002246F4 /* PBXTargetDependency */,
			);
			name = UnitTests;
			productName = SimpleKeychainTests;
			productReference = 3753B75917055D7A002246F4 /* UnitTests.octest */;
			productType = "com.apple.product-type.bundle";
		};
/* End PBXNativeTarget section */

/* Begin PBXProject section */
		3753B74017055D7A002246F4 /* Project object */ = {
			isa = PBXProject;
			attributes = {
				LastUpgradeCheck = 0460;
				ORGANIZATIONNAME = "Daniel Reese";
			};
			buildConfigurationList = 3753B74317055D7A002246F4 /* Build configuration list for PBXProject "SimpleKeychain" */;
			compatibilityVersion = "Xcode 3.2";
			developmentRegion = English;
			hasScannedForEncodings = 0;
			knownRegions = (
				en,
			);
			mainGroup = 3753B73F17055D7A002246F4;
			productRefGroup = 3753B74917055D7A002246F4 /* Products */;
			projectDirPath = "";
			projectRoot = "";
			targets = (
				3753B74717055D7A002246F4 /* SimpleKeychain */,
				3753B75817055D7A002246F4 /* UnitTests */,
			);
		};
/* End PBXProject section */

/* Begin PBXResourcesBuildPhase section */
		3753B75617055D7A002246F4 /* Resources */ = {
			isa = PBXResourcesBuildPhase;
			buildActionMask = 2147483647;
			files = (
			);
			runOnlyForDeploymentPostprocessing = 0;
		};
/* End PBXResourcesBuildPhase section */

/* Begin PBXShellScriptBuildPhase section */
		3753B75717055D7A002246F4 /* ShellScript */ = {
			isa = PBXShellScriptBuildPhase;
			buildActionMask = 2147483647;
			files = (
			);
			inputPaths = (
			);
			outputPaths = (
			);
			runOnlyForDeploymentPostprocessing = 0;
			shellPath = /bin/sh;
			shellScript = "# Run the unit tests in this test bundle.\n\"${SYSTEM_DEVELOPER_DIR}/Tools/RunUnitTests\"\n";
		};
/* End PBXShellScriptBuildPhase section */

/* Begin PBXSourcesBuildPhase section */
		3753B74417055D7A002246F4 /* Sources */ = {
			isa = PBXSourcesBuildPhase;
			buildActionMask = 2147483647;
			files = (
				37DFD0BF17094EA60020EF4F /* SimpleKeychain.m in Sources */,
			);
			runOnlyForDeploymentPostprocessing = 0;
		};
		3753B75417055D7A002246F4 /* Sources */ = {
			isa = PBXSourcesBuildPhase;
			buildActionMask = 2147483647;
			files = (
				37DFD0C317094EB50020EF4F /* SimpleKeychainTests.m in Sources */,
			);
			runOnlyForDeploymentPostprocessing = 0;
		};
/* End PBXSourcesBuildPhase section */

/* Begin PBXTargetDependency section */
		3753B76017055D7A002246F4 /* PBXTargetDependency */ = {
			isa = PBXTargetDependency;
			target = 3753B74717055D7A002246F4 /* SimpleKeychain */;
			targetProxy = 3753B75F17055D7A002246F4 /* PBXContainerItemProxy */;
		};
/* End PBXTargetDependency section */

/* Begin XCBuildConfiguration section */
		3753B76B17055D7A002246F4 /* Debug */ = {
			isa = XCBuildConfiguration;
			buildSettings = {
				ALWAYS_SEARCH_USER_PATHS = NO;
				CLANG_CXX_LANGUAGE_STANDARD = "gnu++0x";
				CLANG_CXX_LIBRARY = "libc++";
				CLANG_ENABLE_OBJC_ARC = YES;
				CLANG_WARN_CONSTANT_CONVERSION = YES;
				CLANG_WARN_EMPTY_BODY = YES;
				CLANG_WARN_ENUM_CONVERSION = YES;
				CLANG_WARN_INT_CONVERSION = YES;
				CLANG_WARN__DUPLICATE_METHOD_MATCH = YES;
				COPY_PHASE_STRIP = NO;
				GCC_C_LANGUAGE_STANDARD = gnu99;
				GCC_DYNAMIC_NO_PIC = NO;
				GCC_OPTIMIZATION_LEVEL = 0;
				GCC_PREPROCESSOR_DEFINITIONS = (
					"DEBUG=1",
					"$(inherited)",
				);
				GCC_SYMBOLS_PRIVATE_EXTERN = NO;
				GCC_WARN_ABOUT_RETURN_TYPE = YES;
				GCC_WARN_UNINITIALIZED_AUTOS = YES;
				GCC_WARN_UNUSED_VARIABLE = YES;
				IPHONEOS_DEPLOYMENT_TARGET = 6.1;
				ONLY_ACTIVE_ARCH = YES;
				SDKROOT = iphoneos;
			};
			name = Debug;
		};
		3753B76C17055D7A002246F4 /* Release */ = {
			isa = XCBuildConfiguration;
			buildSettings = {
				ALWAYS_SEARCH_USER_PATHS = NO;
				CLANG_CXX_LANGUAGE_STANDARD = "gnu++0x";
				CLANG_CXX_LIBRARY = "libc++";
				CLANG_ENABLE_OBJC_ARC = YES;
				CLANG_WARN_CONSTANT_CONVERSION = YES;
				CLANG_WARN_EMPTY_BODY = YES;
				CLANG_WARN_ENUM_CONVERSION = YES;
				CLANG_WARN_INT_CONVERSION = YES;
				CLANG_WARN__DUPLICATE_METHOD_MATCH = YES;
				COPY_PHASE_STRIP = YES;
				GCC_C_LANGUAGE_STANDARD = gnu99;
				GCC_WARN_ABOUT_RETURN_TYPE = YES;
				GCC_WARN_UNINITIALIZED_AUTOS = YES;
				GCC_WARN_UNUSED_VARIABLE = YES;
				IPHONEOS_DEPLOYMENT_TARGET = 6.1;
				SDKROOT = iphoneos;
				VALIDATE_PRODUCT = YES;
			};
			name = Release;
		};
		3753B76E17055D7A002246F4 /* Debug */ = {
			isa = XCBuildConfiguration;
			buildSettings = {
				DSTROOT = /tmp/SimpleKeychain.dst;
				OTHER_LDFLAGS = "-ObjC";
				PRODUCT_NAME = "$(TARGET_NAME)";
				SKIP_INSTALL = YES;
			};
			name = Debug;
		};
		3753B76F17055D7A002246F4 /* Release */ = {
			isa = XCBuildConfiguration;
			buildSettings = {
				DSTROOT = /tmp/SimpleKeychain.dst;
				OTHER_LDFLAGS = "-ObjC";
				PRODUCT_NAME = "$(TARGET_NAME)";
				SKIP_INSTALL = YES;
			};
			name = Release;
		};
		3753B77117055D7A002246F4 /* Debug */ = {
			isa = XCBuildConfiguration;
			buildSettings = {
				FRAMEWORK_SEARCH_PATHS = (
					"\"$(SDKROOT)/Developer/Library/Frameworks\"",
					"\"$(DEVELOPER_LIBRARY_DIR)/Frameworks\"",
				);
				INFOPLIST_FILE = "UnitTests-Info.plist";
				PRODUCT_NAME = "$(TARGET_NAME)";
				WRAPPER_EXTENSION = octest;
			};
			name = Debug;
		};
		3753B77217055D7A002246F4 /* Release */ = {
			isa = XCBuildConfiguration;
			buildSettings = {
				FRAMEWORK_SEARCH_PATHS = (
					"\"$(SDKROOT)/Developer/Library/Frameworks\"",
					"\"$(DEVELOPER_LIBRARY_DIR)/Frameworks\"",
				);
				INFOPLIST_FILE = "UnitTests-Info.plist";
				PRODUCT_NAME = "$(TARGET_NAME)";
				WRAPPER_EXTENSION = octest;
			};
			name = Release;
		};
/* End XCBuildConfiguration section */

/* Begin XCConfigurationList section */
		3753B74317055D7A002246F4 /* Build configuration list for PBXProject "SimpleKeychain" */ = {
			isa = XCConfigurationList;
			buildConfigurations = (
				3753B76B17055D7A002246F4 /* Debug */,
				3753B76C17055D7A002246F4 /* Release */,
			);
			defaultConfigurationIsVisible = 0;
			defaultConfigurationName = Release;
		};
		3753B76D17055D7A002246F4 /* Build configuration list for PBXNativeTarget "SimpleKeychain" */ = {
			isa = XCConfigurationList;
			buildConfigurations = (
				3753B76E17055D7A002246F4 /* Debug */,
				3753B76F17055D7A002246F4 /* Release */,
			);
			defaultConfigurationIsVisible = 0;
			defaultConfigurationName = Release;
		};
		3753B77017055D7A002246F4 /* Build configuration list for PBXNativeTarget "UnitTests" */ = {
			isa = XCConfigurationList;
			buildConfigurations = (
				3753B77117055D7A002246F4 /* Debug */,
				3753B77217055D7A002246F4 /* Release */,
			);
			defaultConfigurationIsVisible = 0;
			defaultConfigurationName = Release;
		};
/* End XCConfigurationList section */
	};
	rootObject = 3753B74017055D7A002246F4 /* Project object */;
}
